// !$*UTF8*$!
{
	archiveVersion = 1;
	classes = {
	};
	objectVersion = 56;
	objects = {

/* Begin PBXBuildFile section */
		98A56C4C2973CE2C00F06F3A /* iOSRecipeMVVMApp.swift in Sources */ = {isa = PBXBuildFile; fileRef = 98A56C4B2973CE2C00F06F3A /* iOSRecipeMVVMApp.swift */; };
		98A56C4E2973CE2C00F06F3A /* RecipeView.swift in Sources */ = {isa = PBXBuildFile; fileRef = 98A56C4D2973CE2C00F06F3A /* RecipeView.swift */; };
		98A56C502973CE2E00F06F3A /* Assets.xcassets in Resources */ = {isa = PBXBuildFile; fileRef = 98A56C4F2973CE2E00F06F3A /* Assets.xcassets */; };
		98A56C542973CE2E00F06F3A /* Preview Assets.xcassets in Resources */ = {isa = PBXBuildFile; fileRef = 98A56C532973CE2E00F06F3A /* Preview Assets.xcassets */; };
		98A56C5E2973CEAF00F06F3A /* RecipeModel.swift in Sources */ = {isa = PBXBuildFile; fileRef = 98A56C5D2973CEAF00F06F3A /* RecipeModel.swift */; };
		98A56C602973D33F00F06F3A /* RecipeViewModel.swift in Sources */ = {isa = PBXBuildFile; fileRef = 98A56C5F2973D33F00F06F3A /* RecipeViewModel.swift */; };
		98A56C622973D87E00F06F3A /* ListItemView.swift in Sources */ = {isa = PBXBuildFile; fileRef = 98A56C612973D87E00F06F3A /* ListItemView.swift */; };
		98A56C642973E39300F06F3A /* ShowRecipeView.swift in Sources */ = {isa = PBXBuildFile; fileRef = 98A56C632973E39300F06F3A /* ShowRecipeView.swift */; };
/* End PBXBuildFile section */

/* Begin PBXFileReference section */
		98A56C482973CE2C00F06F3A /* iOSRecipeMVVM.app */ = {isa = PBXFileReference; explicitFileType = wrapper.application; includeInIndex = 0; path = iOSRecipeMVVM.app; sourceTree = BUILT_PRODUCTS_DIR; };
		98A56C4B2973CE2C00F06F3A /* iOSRecipeMVVMApp.swift */ = {isa = PBXFileReference; lastKnownFileType = sourcecode.swift; path = iOSRecipeMVVMApp.swift; sourceTree = "<group>"; };
		98A56C4D2973CE2C00F06F3A /* RecipeView.swift */ = {isa = PBXFileReference; lastKnownFileType = sourcecode.swift; path = RecipeView.swift; sourceTree = "<group>"; };
		98A56C4F2973CE2E00F06F3A /* Assets.xcassets */ = {isa = PBXFileReference; lastKnownFileType = folder.assetcatalog; path = Assets.xcassets; sourceTree = "<group>"; };
		98A56C512973CE2E00F06F3A /* iOSRecipeMVVM.entitlements */ = {isa = PBXFileReference; lastKnownFileType = text.plist.entitlements; path = iOSRecipeMVVM.entitlements; sourceTree = "<group>"; };
		98A56C532973CE2E00F06F3A /* Preview Assets.xcassets */ = {isa = PBXFileReference; lastKnownFileType = folder.assetcatalog; path = "Preview Assets.xcassets"; sourceTree = "<group>"; };
		98A56C5D2973CEAF00F06F3A /* RecipeModel.swift */ = {isa = PBXFileReference; lastKnownFileType = sourcecode.swift; path = RecipeModel.swift; sourceTree = "<group>"; };
		98A56C5F2973D33F00F06F3A /* RecipeViewModel.swift */ = {isa = PBXFileReference; lastKnownFileType = sourcecode.swift; path = RecipeViewModel.swift; sourceTree = "<group>"; };
		98A56C612973D87E00F06F3A /* ListItemView.swift */ = {isa = PBXFileReference; lastKnownFileType = sourcecode.swift; path = ListItemView.swift; sourceTree = "<group>"; };
		98A56C632973E39300F06F3A /* ShowRecipeView.swift */ = {isa = PBXFileReference; lastKnownFileType = sourcecode.swift; path = ShowRecipeView.swift; sourceTree = "<group>"; };
/* End PBXFileReference section */

/* Begin PBXFrameworksBuildPhase section */
		98A56C452973CE2C00F06F3A /* Frameworks */ = {
			isa = PBXFrameworksBuildPhase;
			buildActionMask = 2147483647;
			files = (
			);
			runOnlyForDeploymentPostprocessing = 0;
		};
/* End PBXFrameworksBuildPhase section */

/* Begin PBXGroup section */
		98A56C3F2973CE2C00F06F3A = {
			isa = PBXGroup;
			children = (
				98A56C4A2973CE2C00F06F3A /* iOSRecipeMVVM */,
				98A56C492973CE2C00F06F3A /* Products */,
			);
			sourceTree = "<group>";
		};
		98A56C492973CE2C00F06F3A /* Products */ = {
			isa = PBXGroup;
			children = (
				98A56C482973CE2C00F06F3A /* iOSRecipeMVVM.app */,
			);
			name = Products;
			sourceTree = "<group>";
		};
		98A56C4A2973CE2C00F06F3A /* iOSRecipeMVVM */ = {
			isa = PBXGroup;
			children = (
				98A56C5C2973CE7300F06F3A /* ViewModel */,
				98A56C5B2973CE6C00F06F3A /* View */,
				98A56C5A2973CE6300F06F3A /* Model */,
				98A56C4B2973CE2C00F06F3A /* iOSRecipeMVVMApp.swift */,
				98A56C4F2973CE2E00F06F3A /* Assets.xcassets */,
				98A56C512973CE2E00F06F3A /* iOSRecipeMVVM.entitlements */,
				98A56C522973CE2E00F06F3A /* Preview Content */,
			);
			path = iOSRecipeMVVM;
			sourceTree = "<group>";
		};
		98A56C522973CE2E00F06F3A /* Preview Content */ = {
			isa = PBXGroup;
			children = (
				98A56C532973CE2E00F06F3A /* Preview Assets.xcassets */,
			);
			path = "Preview Content";
			sourceTree = "<group>";
		};
		98A56C5A2973CE6300F06F3A /* Model */ = {
			isa = PBXGroup;
			children = (
				98A56C5D2973CEAF00F06F3A /* RecipeModel.swift */,
			);
			path = Model;
			sourceTree = "<group>";
		};
		98A56C5B2973CE6C00F06F3A /* View */ = {
			isa = PBXGroup;
			children = (
				98A56C4D2973CE2C00F06F3A /* RecipeView.swift */,
				98A56C612973D87E00F06F3A /* ListItemView.swift */,
				98A56C632973E39300F06F3A /* ShowRecipeView.swift */,
			);
			path = View;
			sourceTree = "<group>";
		};
		98A56C5C2973CE7300F06F3A /* ViewModel */ = {
			isa = PBXGroup;
			children = (
				98A56C5F2973D33F00F06F3A /* RecipeViewModel.swift */,
			);
			path = ViewModel;
			sourceTree = "<group>";
		};
/* End PBXGroup section */

/* Begin PBXNativeTarget section */
		98A56C472973CE2C00F06F3A /* iOSRecipeMVVM */ = {
			isa = PBXNativeTarget;
			buildConfigurationList = 98A56C572973CE2E00F06F3A /* Build configuration list for PBXNativeTarget "iOSRecipeMVVM" */;
			buildPhases = (
				98A56C442973CE2C00F06F3A /* Sources */,
				98A56C452973CE2C00F06F3A /* Frameworks */,
				98A56C462973CE2C00F06F3A /* Resources */,
			);
			buildRules = (
			);
			dependencies = (
			);
			name = iOSRecipeMVVM;
			productName = iOSRecipeMVVM;
			productReference = 98A56C482973CE2C00F06F3A /* iOSRecipeMVVM.app */;
			productType = "com.apple.product-type.application";
		};
/* End PBXNativeTarget section */

/* Begin PBXProject section */
		98A56C402973CE2C00F06F3A /* Project object */ = {
			isa = PBXProject;
			attributes = {
				BuildIndependentTargetsInParallel = 1;
				LastSwiftUpdateCheck = 1420;
				LastUpgradeCheck = 1420;
				TargetAttributes = {
					98A56C472973CE2C00F06F3A = {
						CreatedOnToolsVersion = 14.2;
					};
				};
			};
			buildConfigurationList = 98A56C432973CE2C00F06F3A /* Build configuration list for PBXProject "iOSRecipeMVVM" */;
			compatibilityVersion = "Xcode 14.0";
			developmentRegion = en;
			hasScannedForEncodings = 0;
			knownRegions = (
				en,
				Base,
			);
			mainGroup = 98A56C3F2973CE2C00F06F3A;
			productRefGroup = 98A56C492973CE2C00F06F3A /* Products */;
			projectDirPath = "";
			projectRoot = "";
			targets = (
				98A56C472973CE2C00F06F3A /* iOSRecipeMVVM */,
			);
		};
/* End PBXProject section */

/* Begin PBXResourcesBuildPhase section */
		98A56C462973CE2C00F06F3A /* Resources */ = {
			isa = PBXResourcesBuildPhase;
			buildActionMask = 2147483647;
			files = (
				98A56C542973CE2E00F06F3A /* Preview Assets.xcassets in Resources */,
				98A56C502973CE2E00F06F3A /* Assets.xcassets in Resources */,
			);
			runOnlyForDeploymentPostprocessing = 0;
		};
/* End PBXResourcesBuildPhase section */

/* Begin PBXSourcesBuildPhase section */
		98A56C442973CE2C00F06F3A /* Sources */ = {
			isa = PBXSourcesBuildPhase;
			buildActionMask = 2147483647;
			files = (
				98A56C622973D87E00F06F3A /* ListItemView.swift in Sources */,
				98A56C642973E39300F06F3A /* ShowRecipeView.swift in Sources */,
				98A56C602973D33F00F06F3A /* RecipeViewModel.swift in Sources */,
				98A56C4E2973CE2C00F06F3A /* RecipeView.swift in Sources */,
				98A56C4C2973CE2C00F06F3A /* iOSRecipeMVVMApp.swift in Sources */,
				98A56C5E2973CEAF00F06F3A /* RecipeModel.swift in Sources */,
			);
			runOnlyForDeploymentPostprocessing = 0;
		};
/* End PBXSourcesBuildPhase section */

/* Begin XCBuildConfiguration section */
		98A56C552973CE2E00F06F3A /* Debug */ = {
			isa = XCBuildConfiguration;
			buildSettings = {
				ALWAYS_SEARCH_USER_PATHS = NO;
				CLANG_ANALYZER_NONNULL = YES;
				CLANG_ANALYZER_NUMBER_OBJECT_CONVERSION = YES_AGGRESSIVE;
				CLANG_CXX_LANGUAGE_STANDARD = "gnu++20";
				CLANG_ENABLE_MODULES = YES;
				CLANG_ENABLE_OBJC_ARC = YES;
				CLANG_ENABLE_OBJC_WEAK = YES;
				CLANG_WARN_BLOCK_CAPTURE_AUTORELEASING = YES;
				CLANG_WARN_BOOL_CONVERSION = YES;
				CLANG_WARN_COMMA = YES;
				CLANG_WARN_CONSTANT_CONVERSION = YES;
				CLANG_WARN_DEPRECATED_OBJC_IMPLEMENTATIONS = YES;
				CLANG_WARN_DIRECT_OBJC_ISA_USAGE = YES_ERROR;
				CLANG_WARN_DOCUMENTATION_COMMENTS = YES;
				CLANG_WARN_EMPTY_BODY = YES;
				CLANG_WARN_ENUM_CONVERSION = YES;
				CLANG_WARN_INFINITE_RECURSION = YES;
				CLANG_WARN_INT_CONVERSION = YES;
				CLANG_WARN_NON_LITERAL_NULL_CONVERSION = YES;
				CLANG_WARN_OBJC_IMPLICIT_RETAIN_SELF = YES;
				CLANG_WARN_OBJC_LITERAL_CONVERSION = YES;
				CLANG_WARN_OBJC_ROOT_CLASS = YES_ERROR;
				CLANG_WARN_QUOTED_INCLUDE_IN_FRAMEWORK_HEADER = YES;
				CLANG_WARN_RANGE_LOOP_ANALYSIS = YES;
				CLANG_WARN_STRICT_PROTOTYPES = YES;
				CLANG_WARN_SUSPICIOUS_MOVE = YES;
				CLANG_WARN_UNGUARDED_AVAILABILITY = YES_AGGRESSIVE;
				CLANG_WARN_UNREACHABLE_CODE = YES;
				CLANG_WARN__DUPLICATE_METHOD_MATCH = YES;
				COPY_PHASE_STRIP = NO;
				DEBUG_INFORMATION_FORMAT = dwarf;
				ENABLE_STRICT_OBJC_MSGSEND = YES;
				ENABLE_TESTABILITY = YES;
				GCC_C_LANGUAGE_STANDARD = gnu11;
				GCC_DYNAMIC_NO_PIC = NO;
				GCC_NO_COMMON_BLOCKS = YES;
				GCC_OPTIMIZATION_LEVEL = 0;
				GCC_PREPROCESSOR_DEFINITIONS = (
					"DEBUG=1",
					"$(inherited)",
				);
				GCC_WARN_64_TO_32_BIT_CONVERSION = YES;
				GCC_WARN_ABOUT_RETURN_TYPE = YES_ERROR;
				GCC_WARN_UNDECLARED_SELECTOR = YES;
				GCC_WARN_UNINITIALIZED_AUTOS = YES_AGGRESSIVE;
				GCC_WARN_UNUSED_FUNCTION = YES;
				GCC_WARN_UNUSED_VARIABLE = YES;
				MTL_ENABLE_DEBUG_INFO = INCLUDE_SOURCE;
				MTL_FAST_MATH = YES;
				ONLY_ACTIVE_ARCH = YES;
				SWIFT_ACTIVE_COMPILATION_CONDITIONS = DEBUG;
				SWIFT_OPTIMIZATION_LEVEL = "-Onone";
			};
			name = Debug;
		};
		98A56C562973CE2E00F06F3A /* Release */ = {
			isa = XCBuildConfiguration;
			buildSettings = {
				ALWAYS_SEARCH_USER_PATHS = NO;
				CLANG_ANALYZER_NONNULL = YES;
				CLANG_ANALYZER_NUMBER_OBJECT_CONVERSION = YES_AGGRESSIVE;
				CLANG_CXX_LANGUAGE_STANDARD = "gnu++20";
				CLANG_ENABLE_MODULES = YES;
				CLANG_ENABLE_OBJC_ARC = YES;
				CLANG_ENABLE_OBJC_WEAK = YES;
				CLANG_WARN_BLOCK_CAPTURE_AUTORELEASING = YES;
				CLANG_WARN_BOOL_CONVERSION = YES;
				CLANG_WARN_COMMA = YES;
				CLANG_WARN_CONSTANT_CONVERSION = YES;
				CLANG_WARN_DEPRECATED_OBJC_IMPLEMENTATIONS = YES;
				CLANG_WARN_DIRECT_OBJC_ISA_USAGE = YES_ERROR;
				CLANG_WARN_DOCUMENTATION_COMMENTS = YES;
				CLANG_WARN_EMPTY_BODY = YES;
				CLANG_WARN_ENUM_CONVERSION = YES;
				CLANG_WARN_INFINITE_RECURSION = YES;
				CLANG_WARN_INT_CONVERSION = YES;
				CLANG_WARN_NON_LITERAL_NULL_CONVERSION = YES;
				CLANG_WARN_OBJC_IMPLICIT_RETAIN_SELF = YES;
				CLANG_WARN_OBJC_LITERAL_CONVERSION = YES;
				CLANG_WARN_OBJC_ROOT_CLASS = YES_ERROR;
				CLANG_WARN_QUOTED_INCLUDE_IN_FRAMEWORK_HEADER = YES;
				CLANG_WARN_RANGE_LOOP_ANALYSIS = YES;
				CLANG_WARN_STRICT_PROTOTYPES = YES;
				CLANG_WARN_SUSPICIOUS_MOVE = YES;
				CLANG_WARN_UNGUARDED_AVAILABILITY = YES_AGGRESSIVE;
				CLANG_WARN_UNREACHABLE_CODE = YES;
				CLANG_WARN__DUPLICATE_METHOD_MATCH = YES;
				COPY_PHASE_STRIP = NO;
				DEBUG_INFORMATION_FORMAT = "dwarf-with-dsym";
				ENABLE_NS_ASSERTIONS = NO;
				ENABLE_STRICT_OBJC_MSGSEND = YES;
				GCC_C_LANGUAGE_STANDARD = gnu11;
				GCC_NO_COMMON_BLOCKS = YES;
				GCC_WARN_64_TO_32_BIT_CONVERSION = YES;
				GCC_WARN_ABOUT_RETURN_TYPE = YES_ERROR;
				GCC_WARN_UNDECLARED_SELECTOR = YES;
				GCC_WARN_UNINITIALIZED_AUTOS = YES_AGGRESSIVE;
				GCC_WARN_UNUSED_FUNCTION = YES;
				GCC_WARN_UNUSED_VARIABLE = YES;
				MTL_ENABLE_DEBUG_INFO = NO;
				MTL_FAST_MATH = YES;
				SWIFT_COMPILATION_MODE = wholemodule;
				SWIFT_OPTIMIZATION_LEVEL = "-O";
			};
			name = Release;
		};
		98A56C582973CE2E00F06F3A /* Debug */ = {
			isa = XCBuildConfiguration;
			buildSettings = {
				ASSETCATALOG_COMPILER_APPICON_NAME = AppIcon;
				ASSETCATALOG_COMPILER_GLOBAL_ACCENT_COLOR_NAME = AccentColor;
				CODE_SIGN_ENTITLEMENTS = iOSRecipeMVVM/iOSRecipeMVVM.entitlements;
				CODE_SIGN_STYLE = Automatic;
				CURRENT_PROJECT_VERSION = 1;
				DEVELOPMENT_ASSET_PATHS = "\"iOSRecipeMVVM/Preview Content\"";
				DEVELOPMENT_TEAM = 3J2U74HCAH;
				ENABLE_HARDENED_RUNTIME = YES;
				ENABLE_PREVIEWS = YES;
				GENERATE_INFOPLIST_FILE = YES;
				"INFOPLIST_KEY_UIApplicationSceneManifest_Generation[sdk=iphoneos*]" = YES;
				"INFOPLIST_KEY_UIApplicationSceneManifest_Generation[sdk=iphonesimulator*]" = YES;
				"INFOPLIST_KEY_UIApplicationSupportsIndirectInputEvents[sdk=iphoneos*]" = YES;
				"INFOPLIST_KEY_UIApplicationSupportsIndirectInputEvents[sdk=iphonesimulator*]" = YES;
				"INFOPLIST_KEY_UILaunchScreen_Generation[sdk=iphoneos*]" = YES;
				"INFOPLIST_KEY_UILaunchScreen_Generation[sdk=iphonesimulator*]" = YES;
				"INFOPLIST_KEY_UIStatusBarStyle[sdk=iphoneos*]" = UIStatusBarStyleDefault;
				"INFOPLIST_KEY_UIStatusBarStyle[sdk=iphonesimulator*]" = UIStatusBarStyleDefault;
				INFOPLIST_KEY_UISupportedInterfaceOrientations_iPad = "UIInterfaceOrientationPortrait UIInterfaceOrientationPortraitUpsideDown UIInterfaceOrientationLandscapeLeft UIInterfaceOrientationLandscapeRight";
				INFOPLIST_KEY_UISupportedInterfaceOrientations_iPhone = "UIInterfaceOrientationPortrait UIInterfaceOrientationLandscapeLeft UIInterfaceOrientationLandscapeRight";
				IPHONEOS_DEPLOYMENT_TARGET = 16.2;
				LD_RUNPATH_SEARCH_PATHS = "@executable_path/Frameworks";
				"LD_RUNPATH_SEARCH_PATHS[sdk=macosx*]" = "@executable_path/../Frameworks";
				MACOSX_DEPLOYMENT_TARGET = 13.1;
				MARKETING_VERSION = 1.0;
				PRODUCT_BUNDLE_IDENTIFIER = novuspax.iOSRecipeMVVM;
				PRODUCT_NAME = "$(TARGET_NAME)";
				SDKROOT = auto;
				SUPPORTED_PLATFORMS = "iphoneos iphonesimulator macosx";
				SWIFT_EMIT_LOC_STRINGS = YES;
				SWIFT_VERSION = 5.0;
				TARGETED_DEVICE_FAMILY = "1,2";
			};
			name = Debug;
		};
		98A56C592973CE2E00F06F3A /* Release */ = {
			isa = XCBuildConfiguration;
			buildSettings = {
				ASSETCATALOG_COMPILER_APPICON_NAME = AppIcon;
				ASSETCATALOG_COMPILER_GLOBAL_ACCENT_COLOR_NAME = AccentColor;
				CODE_SIGN_ENTITLEMENTS = iOSRecipeMVVM/iOSRecipeMVVM.entitlements;
				CODE_SIGN_STYLE = Automatic;
				CURRENT_PROJECT_VERSION = 1;
				DEVELOPMENT_ASSET_PATHS = "\"iOSRecipeMVVM/Preview Content\"";
				DEVELOPMENT_TEAM = 3J2U74HCAH;
				ENABLE_HARDENED_RUNTIME = YES;
				ENABLE_PREVIEWS = YES;
				GENERATE_INFOPLIST_FILE = YES;
				"INFOPLIST_KEY_UIApplicationSceneManifest_Generation[sdk=iphoneos*]" = YES;
				"INFOPLIST_KEY_UIApplicationSceneManifest_Generation[sdk=iphonesimulator*]" = YES;
				"INFOPLIST_KEY_UIApplicationSupportsIndirectInputEvents[sdk=iphoneos*]" = YES;
				"INFOPLIST_KEY_UIApplicationSupportsIndirectInputEvents[sdk=iphonesimulator*]" = YES;
				"INFOPLIST_KEY_UILaunchScreen_Generation[sdk=iphoneos*]" = YES;
				"INFOPLIST_KEY_UILaunchScreen_Generation[sdk=iphonesimulator*]" = YES;
				"INFOPLIST_KEY_UIStatusBarStyle[sdk=iphoneos*]" = UIStatusBarStyleDefault;
				"INFOPLIST_KEY_UIStatusBarStyle[sdk=iphonesimulator*]" = UIStatusBarStyleDefault;
				INFOPLIST_KEY_UISupportedInterfaceOrientations_iPad = "UIInterfaceOrientationPortrait UIInterfaceOrientationPortraitUpsideDown UIInterfaceOrientationLandscapeLeft UIInterfaceOrientationLandscapeRight";
				INFOPLIST_KEY_UISupportedInterfaceOrientations_iPhone = "UIInterfaceOrientationPortrait UIInterfaceOrientationLandscapeLeft UIInterfaceOrientationLandscapeRight";
				IPHONEOS_DEPLOYMENT_TARGET = 16.2;
				LD_RUNPATH_SEARCH_PATHS = "@executable_path/Frameworks";
				"LD_RUNPATH_SEARCH_PATHS[sdk=macosx*]" = "@executable_path/../Frameworks";
				MACOSX_DEPLOYMENT_TARGET = 13.1;
				MARKETING_VERSION = 1.0;
				PRODUCT_BUNDLE_IDENTIFIER = novuspax.iOSRecipeMVVM;
				PRODUCT_NAME = "$(TARGET_NAME)";
				SDKROOT = auto;
				SUPPORTED_PLATFORMS = "iphoneos iphonesimulator macosx";
				SWIFT_EMIT_LOC_STRINGS = YES;
				SWIFT_VERSION = 5.0;
				TARGETED_DEVICE_FAMILY = "1,2";
			};
			name = Release;
		};
/* End XCBuildConfiguration section */

/* Begin XCConfigurationList section */
		98A56C432973CE2C00F06F3A /* Build configuration list for PBXProject "iOSRecipeMVVM" */ = {
			isa = XCConfigurationList;
			buildConfigurations = (
				98A56C552973CE2E00F06F3A /* Debug */,
				98A56C562973CE2E00F06F3A /* Release */,
			);
			defaultConfigurationIsVisible = 0;
			defaultConfigurationName = Release;
		};
		98A56C572973CE2E00F06F3A /* Build configuration list for PBXNativeTarget "iOSRecipeMVVM" */ = {
			isa = XCConfigurationList;
			buildConfigurations = (
				98A56C582973CE2E00F06F3A /* Debug */,
				98A56C592973CE2E00F06F3A /* Release */,
			);
			defaultConfigurationIsVisible = 0;
			defaultConfigurationName = Release;
		};
/* End XCConfigurationList section */
	};
	rootObject = 98A56C402973CE2C00F06F3A /* Project object */;
}
